
Microsoft Visual Studio Solution File, Format Version 12.00
# Visual Studio 14
VisualStudioVersion = 14.0.25420.1
MinimumVisualStudioVersion = 10.0.40219.1
Project("{FAE04EC0-301F-11D3-BF4B-00C04F79EFBC}") = "OvpnClientService", "OvpnClientService.csproj", "{3EC75D59-7212-4607-B5C2-B49D9ABA95EC}"
EndProject
Global
	GlobalSection(SolutionConfigurationPlatforms) = preSolution
		Debug|Any CPU = Debug|Any CPU
		Release|Any CPU = Release|Any CPU
	EndGlobalSection
	GlobalSection(ProjectConfigurationPlatforms) = postSolution
		{3EC75D59-7212-4607-B5C2-B49D9ABA95EC}.Debug|Any CPU.ActiveCfg = Debug|Any CPU
		{3EC75D59-7212-4607-B5C2-B49D9ABA95EC}.Debug|Any CPU.Build.0 = Debug|Any CPU
		{3EC75D59-7212-4607-B5C2-B49D9ABA95EC}.Release|Any CPU.ActiveCfg = Release|Any CPU
		{3EC75D59-7212-4607-B5C2-B49D9ABA95EC}.Release|Any CPU.Build.0 = Release|Any CPU
	EndGlobalSection
	GlobalSection(SolutionProperties) = preSolution
		HideSolutionNode = FALSE
	EndGlobalSection
EndGlobal
